
Microsoft Visual Studio Solution File, Format Version 12.00
# Visual Studio Version 16
VisualStudioVersion = 16.0.29306.81
MinimumVisualStudioVersion = 10.0.40219.1
Project("{FAE04EC0-301F-11D3-BF4B-00C04F79EFBC}") = "Freelancer.Business", "Freelancer.Business\Freelancer.Business.csproj", "{FB95DB84-0C55-4460-851F-6F19599B9541}"
EndProject
Project("{FAE04EC0-301F-11D3-BF4B-00C04F79EFBC}") = "Freelancer.Shared", "Freelancer.Shared\Freelancer.Shared.csproj", "{17997483-C53C-4D35-B9B5-357E2C93C5A6}"
EndProject
Project("{00D1A9C2-B5F0-4AF3-8072-F6C62B433612}") = "Freelancer.DB", "Freelancer.DB\Freelancer.DB.sqlproj", "{E7C5B820-AB68-400E-8836-406C90471481}"
EndProject
Project("{FAE04EC0-301F-11D3-BF4B-00C04F79EFBC}") = "Freelancer.WebApp", "Freelancer.WebApp\Freelancer.WebApp.csproj", "{838F6238-9221-4CA8-88CE-A06E57766D9B}"
EndProject
Global
	GlobalSection(SolutionConfigurationPlatforms) = preSolution
		Debug|Any CPU = Debug|Any CPU
		Release|Any CPU = Release|Any CPU
	EndGlobalSection
	GlobalSection(ProjectConfigurationPlatforms) = postSolution
		{FB95DB84-0C55-4460-851F-6F19599B9541}.Debug|Any CPU.ActiveCfg = Debug|Any CPU
		{FB95DB84-0C55-4460-851F-6F19599B9541}.Debug|Any CPU.Build.0 = Debug|Any CPU
		{FB95DB84-0C55-4460-851F-6F19599B9541}.Release|Any CPU.ActiveCfg = Release|Any CPU
		{FB95DB84-0C55-4460-851F-6F19599B9541}.Release|Any CPU.Build.0 = Release|Any CPU
		{17997483-C53C-4D35-B9B5-357E2C93C5A6}.Debug|Any CPU.ActiveCfg = Debug|Any CPU
		{17997483-C53C-4D35-B9B5-357E2C93C5A6}.Debug|Any CPU.Build.0 = Debug|Any CPU
		{17997483-C53C-4D35-B9B5-357E2C93C5A6}.Release|Any CPU.ActiveCfg = Release|Any CPU
		{17997483-C53C-4D35-B9B5-357E2C93C5A6}.Release|Any CPU.Build.0 = Release|Any CPU
		{E7C5B820-AB68-400E-8836-406C90471481}.Debug|Any CPU.ActiveCfg = Debug|Any CPU
		{E7C5B820-AB68-400E-8836-406C90471481}.Debug|Any CPU.Build.0 = Debug|Any CPU
		{E7C5B820-AB68-400E-8836-406C90471481}.Debug|Any CPU.Deploy.0 = Debug|Any CPU
		{E7C5B820-AB68-400E-8836-406C90471481}.Release|Any CPU.ActiveCfg = Release|Any CPU
		{E7C5B820-AB68-400E-8836-406C90471481}.Release|Any CPU.Build.0 = Release|Any CPU
		{E7C5B820-AB68-400E-8836-406C90471481}.Release|Any CPU.Deploy.0 = Release|Any CPU
		{838F6238-9221-4CA8-88CE-A06E57766D9B}.Debug|Any CPU.ActiveCfg = Debug|Any CPU
		{838F6238-9221-4CA8-88CE-A06E57766D9B}.Debug|Any CPU.Build.0 = Debug|Any CPU
		{838F6238-9221-4CA8-88CE-A06E57766D9B}.Release|Any CPU.ActiveCfg = Release|Any CPU
		{838F6238-9221-4CA8-88CE-A06E57766D9B}.Release|Any CPU.Build.0 = Release|Any CPU
	EndGlobalSection
	GlobalSection(SolutionProperties) = preSolution
		HideSolutionNode = FALSE
	EndGlobalSection
	GlobalSection(ExtensibilityGlobals) = postSolution
		SolutionGuid = {7DAF0CDA-804B-4C3B-A517-5BC691E70630}
	EndGlobalSection
EndGlobal
